
Microsoft Visual Studio Solution File, Format Version 11.00
# Visual Studio 2010
Project("{0199C65F-38C7-87B3-4B5C-7B9335A7AAC0}") = "unity first person shooter game", "Assembly-UnityScript-firstpass.unityproj", "{307981CB-AB9C-30A5-FAAC-2B34ECA7404F}"
EndProject
Project("{FAE04EC0-301F-11D3-BF4B-00C04F79EFBC}") = "unity first person shooter game", "Assembly-CSharp.csproj", "{D02386A0-C16C-767A-232F-680C3C88A686}"
EndProject
Project("{FAE04EC0-301F-11D3-BF4B-00C04F79EFBC}") = "unity first person shooter game", "Assembly-CSharp-firstpass.csproj", "{F739C789-EBFD-139E-D69B-2FD3389F642C}"
EndProject
Global
	GlobalSection(SolutionConfigurationPlatforms) = preSolution
		Debug|Any CPU = Debug|Any CPU
		Release|Any CPU = Release|Any CPU
	EndGlobalSection
	GlobalSection(ProjectConfigurationPlatforms) = postSolution
		{307981CB-AB9C-30A5-FAAC-2B34ECA7404F}.Debug|Any CPU.ActiveCfg = Debug|Any CPU
		{307981CB-AB9C-30A5-FAAC-2B34ECA7404F}.Debug|Any CPU.Build.0 = Debug|Any CPU
		{307981CB-AB9C-30A5-FAAC-2B34ECA7404F}.Release|Any CPU.ActiveCfg = Release|Any CPU
		{307981CB-AB9C-30A5-FAAC-2B34ECA7404F}.Release|Any CPU.Build.0 = Release|Any CPU
		{D02386A0-C16C-767A-232F-680C3C88A686}.Debug|Any CPU.ActiveCfg = Debug|Any CPU
		{D02386A0-C16C-767A-232F-680C3C88A686}.Debug|Any CPU.Build.0 = Debug|Any CPU
		{D02386A0-C16C-767A-232F-680C3C88A686}.Release|Any CPU.ActiveCfg = Release|Any CPU
		{D02386A0-C16C-767A-232F-680C3C88A686}.Release|Any CPU.Build.0 = Release|Any CPU
		{F739C789-EBFD-139E-D69B-2FD3389F642C}.Debug|Any CPU.ActiveCfg = Debug|Any CPU
		{F739C789-EBFD-139E-D69B-2FD3389F642C}.Debug|Any CPU.Build.0 = Debug|Any CPU
		{F739C789-EBFD-139E-D69B-2FD3389F642C}.Release|Any CPU.ActiveCfg = Release|Any CPU
		{F739C789-EBFD-139E-D69B-2FD3389F642C}.Release|Any CPU.Build.0 = Release|Any CPU
	EndGlobalSection
	GlobalSection(SolutionProperties) = preSolution
		HideSolutionNode = FALSE
	EndGlobalSection
	GlobalSection(MonoDevelopProperties) = preSolution
		StartupItem = Assembly-CSharp.csproj
	EndGlobalSection
EndGlobal
